// !$*UTF8*$!
{
	archiveVersion = 1;
	classes = {
	};
	objectVersion = 56;
	objects = {

/* Begin PBXBuildFile section */
		951A3F2B2AB8547A00D491BA /* kiwi_taskApp.swift in Sources */ = {isa = PBXBuildFile; fileRef = 951A3F2A2AB8547A00D491BA /* kiwi_taskApp.swift */; };
		951A3F2D2AB8547A00D491BA /* ContentView.swift in Sources */ = {isa = PBXBuildFile; fileRef = 951A3F2C2AB8547A00D491BA /* ContentView.swift */; };
		951A3F2F2AB8547B00D491BA /* Assets.xcassets in Resources */ = {isa = PBXBuildFile; fileRef = 951A3F2E2AB8547B00D491BA /* Assets.xcassets */; };
		951A3F322AB8547B00D491BA /* Preview Assets.xcassets in Resources */ = {isa = PBXBuildFile; fileRef = 951A3F312AB8547B00D491BA /* Preview Assets.xcassets */; };
		951A3F3C2AB8547B00D491BA /* kiwi_taskTests.swift in Sources */ = {isa = PBXBuildFile; fileRef = 951A3F3B2AB8547B00D491BA /* kiwi_taskTests.swift */; };
		951A3F462AB8547B00D491BA /* kiwi_taskUITests.swift in Sources */ = {isa = PBXBuildFile; fileRef = 951A3F452AB8547B00D491BA /* kiwi_taskUITests.swift */; };
		951A3F482AB8547B00D491BA /* kiwi_taskUITestsLaunchTests.swift in Sources */ = {isa = PBXBuildFile; fileRef = 951A3F472AB8547B00D491BA /* kiwi_taskUITestsLaunchTests.swift */; };
		951C0E602ABAD81C009E0D6D /* Orbit in Frameworks */ = {isa = PBXBuildFile; productRef = 951C0E5F2ABAD81C009E0D6D /* Orbit */; };
		951C0E7D2ABB3D15009E0D6D /* FlightListViewModelType.swift in Sources */ = {isa = PBXBuildFile; fileRef = 951C0E782ABB3D15009E0D6D /* FlightListViewModelType.swift */; };
		951C0E7E2ABB3D15009E0D6D /* FlightListView.swift in Sources */ = {isa = PBXBuildFile; fileRef = 951C0E792ABB3D15009E0D6D /* FlightListView.swift */; };
		951C0E7F2ABB3D15009E0D6D /* FlightListViewModel.swift in Sources */ = {isa = PBXBuildFile; fileRef = 951C0E7A2ABB3D15009E0D6D /* FlightListViewModel.swift */; };
		951C0E802ABB3D15009E0D6D /* FlightListService.swift in Sources */ = {isa = PBXBuildFile; fileRef = 951C0E7B2ABB3D15009E0D6D /* FlightListService.swift */; };
		951C0E832ABB3F58009E0D6D /* DataState.swift in Sources */ = {isa = PBXBuildFile; fileRef = 951C0E822ABB3F58009E0D6D /* DataState.swift */; };
		951C0E862ABB40D3009E0D6D /* CardViewModel.swift in Sources */ = {isa = PBXBuildFile; fileRef = 951C0E852ABB40D3009E0D6D /* CardViewModel.swift */; };
		951C0E8E2ABB5269009E0D6D /* FilterOptionsViewModelType.swift in Sources */ = {isa = PBXBuildFile; fileRef = 951C0E892ABB5269009E0D6D /* FilterOptionsViewModelType.swift */; };
		951C0E8F2ABB5269009E0D6D /* FilterOptionsView.swift in Sources */ = {isa = PBXBuildFile; fileRef = 951C0E8A2ABB5269009E0D6D /* FilterOptionsView.swift */; };
		951C0E902ABB5269009E0D6D /* FilterOptionsViewModel.swift in Sources */ = {isa = PBXBuildFile; fileRef = 951C0E8B2ABB5269009E0D6D /* FilterOptionsViewModel.swift */; };
		951C0E912ABB5269009E0D6D /* FilterOptionsService.swift in Sources */ = {isa = PBXBuildFile; fileRef = 951C0E8C2ABB5269009E0D6D /* FilterOptionsService.swift */; };
		9590556D2ABB6BC900079D75 /* RoutingView.swift in Sources */ = {isa = PBXBuildFile; fileRef = 959055692ABB6BC900079D75 /* RoutingView.swift */; };
		9590556F2ABB6BC900079D75 /* Router.swift in Sources */ = {isa = PBXBuildFile; fileRef = 9590556B2ABB6BC900079D75 /* Router.swift */; };
		959055702ABB6BC900079D75 /* SceneRoute.swift in Sources */ = {isa = PBXBuildFile; fileRef = 9590556C2ABB6BC900079D75 /* SceneRoute.swift */; };
		95BFDFD62ABD1992004EB7FA /* FlightCardViewModel.swift in Sources */ = {isa = PBXBuildFile; fileRef = 95BFDFD52ABD1992004EB7FA /* FlightCardViewModel.swift */; };
		95BFDFDE2ABD4A16004EB7FA /* FlightDetailViewModelType.swift in Sources */ = {isa = PBXBuildFile; fileRef = 95BFDFD92ABD4A16004EB7FA /* FlightDetailViewModelType.swift */; };
		95BFDFDF2ABD4A16004EB7FA /* FlightDetailView.swift in Sources */ = {isa = PBXBuildFile; fileRef = 95BFDFDA2ABD4A16004EB7FA /* FlightDetailView.swift */; };
		95BFDFE02ABD4A16004EB7FA /* FlightDetailViewModel.swift in Sources */ = {isa = PBXBuildFile; fileRef = 95BFDFDB2ABD4A16004EB7FA /* FlightDetailViewModel.swift */; };
		95BFDFE32ABD518E004EB7FA /* Sector+Strings.swift in Sources */ = {isa = PBXBuildFile; fileRef = 95BFDFE22ABD518E004EB7FA /* Sector+Strings.swift */; };
		95BFDFE52ABD5308004EB7FA /* Int+Time.swift in Sources */ = {isa = PBXBuildFile; fileRef = 95BFDFE42ABD5308004EB7FA /* Int+Time.swift */; };
		95BFDFE72ABD61E5004EB7FA /* LinkViewModel.swift in Sources */ = {isa = PBXBuildFile; fileRef = 95BFDFE62ABD61E5004EB7FA /* LinkViewModel.swift */; };
		95FB46A02ABC168100B0115A /* CoreDataManager.swift in Sources */ = {isa = PBXBuildFile; fileRef = 95FB469F2ABC168100B0115A /* CoreDataManager.swift */; };
		95FB46A32ABC183800B0115A /* Flights.xcdatamodeld in Sources */ = {isa = PBXBuildFile; fileRef = 95FB46A12ABC183800B0115A /* Flights.xcdatamodeld */; };
		95FB46B72ABC21BE00B0115A /* UmbrellaAPI in Frameworks */ = {isa = PBXBuildFile; productRef = 95FB46B62ABC21BE00B0115A /* UmbrellaAPI */; };
		95FB46DD2ABC304E00B0115A /* Place+CoreDataClass.swift in Sources */ = {isa = PBXBuildFile; fileRef = 95FB46D92ABC304E00B0115A /* Place+CoreDataClass.swift */; };
		95FB46DE2ABC304E00B0115A /* Place+CoreDataProperties.swift in Sources */ = {isa = PBXBuildFile; fileRef = 95FB46DA2ABC304E00B0115A /* Place+CoreDataProperties.swift */; };
		95FB46DF2ABC304E00B0115A /* Filter+CoreDataClass.swift in Sources */ = {isa = PBXBuildFile; fileRef = 95FB46DB2ABC304E00B0115A /* Filter+CoreDataClass.swift */; };
		95FB46E02ABC304E00B0115A /* Filter+CoreDataProperties.swift in Sources */ = {isa = PBXBuildFile; fileRef = 95FB46DC2ABC304E00B0115A /* Filter+CoreDataProperties.swift */; };
		95FB46E22ABC321A00B0115A /* PersistentStore.swift in Sources */ = {isa = PBXBuildFile; fileRef = 95FB46E12ABC321A00B0115A /* PersistentStore.swift */; };
		95FB46E42ABC395300B0115A /* Config.swift in Sources */ = {isa = PBXBuildFile; fileRef = 95FB46E32ABC395300B0115A /* Config.swift */; };
		95FB46E72ABC3D6800B0115A /* APIClient.swift in Sources */ = {isa = PBXBuildFile; fileRef = 95FB46E62ABC3D6800B0115A /* APIClient.swift */; };
		95FB46E92ABC5E0500B0115A /* ListSection.swift in Sources */ = {isa = PBXBuildFile; fileRef = 95FB46E82ABC5E0500B0115A /* ListSection.swift */; };
		95FB46EB2ABC5F9800B0115A /* PickerViewModel.swift in Sources */ = {isa = PBXBuildFile; fileRef = 95FB46EA2ABC5F9800B0115A /* PickerViewModel.swift */; };
		95FB46ED2ABC66E400B0115A /* LocationManager.swift in Sources */ = {isa = PBXBuildFile; fileRef = 95FB46EC2ABC66E400B0115A /* LocationManager.swift */; };
		95FB46F02ABC82B400B0115A /* PersistentFilter.swift in Sources */ = {isa = PBXBuildFile; fileRef = 95FB46EF2ABC82B400B0115A /* PersistentFilter.swift */; };
		95FB46F22ABC82C800B0115A /* PersistentPlace.swift in Sources */ = {isa = PBXBuildFile; fileRef = 95FB46F12ABC82C800B0115A /* PersistentPlace.swift */; };
		95FB46F42ABC9EEB00B0115A /* TileViewModel.swift in Sources */ = {isa = PBXBuildFile; fileRef = 95FB46F32ABC9EEB00B0115A /* TileViewModel.swift */; };
		95FB46F62ABCA85D00B0115A /* StepperViewModel.swift in Sources */ = {isa = PBXBuildFile; fileRef = 95FB46F52ABCA85D00B0115A /* StepperViewModel.swift */; };
		95FB46FE2ABCE30F00B0115A /* SearchPlacesViewModelType.swift in Sources */ = {isa = PBXBuildFile; fileRef = 95FB46F92ABCE30F00B0115A /* SearchPlacesViewModelType.swift */; };
		95FB46FF2ABCE30F00B0115A /* SearchPlacesView.swift in Sources */ = {isa = PBXBuildFile; fileRef = 95FB46FA2ABCE30F00B0115A /* SearchPlacesView.swift */; };
		95FB47002ABCE30F00B0115A /* SearchPlacesViewModel.swift in Sources */ = {isa = PBXBuildFile; fileRef = 95FB46FB2ABCE30F00B0115A /* SearchPlacesViewModel.swift */; };
		95FB47012ABCE30F00B0115A /* SearchPlacesService.swift in Sources */ = {isa = PBXBuildFile; fileRef = 95FB46FC2ABCE30F00B0115A /* SearchPlacesService.swift */; };
		95FB47052ABD0F3400B0115A /* DateUtils.swift in Sources */ = {isa = PBXBuildFile; fileRef = 95FB47042ABD0F3400B0115A /* DateUtils.swift */; };
/* End PBXBuildFile section */

/* Begin PBXContainerItemProxy section */
		951A3F382AB8547B00D491BA /* PBXContainerItemProxy */ = {
			isa = PBXContainerItemProxy;
			containerPortal = 951A3F1F2AB8547A00D491BA /* Project object */;
			proxyType = 1;
			remoteGlobalIDString = 951A3F262AB8547A00D491BA;
			remoteInfo = kiwi_task;
		};
		951A3F422AB8547B00D491BA /* PBXContainerItemProxy */ = {
			isa = PBXContainerItemProxy;
			containerPortal = 951A3F1F2AB8547A00D491BA /* Project object */;
			proxyType = 1;
			remoteGlobalIDString = 951A3F262AB8547A00D491BA;
			remoteInfo = kiwi_task;
		};
/* End PBXContainerItemProxy section */

/* Begin PBXFileReference section */
		951A3F272AB8547A00D491BA /* kiwi_task.app */ = {isa = PBXFileReference; explicitFileType = wrapper.application; includeInIndex = 0; path = kiwi_task.app; sourceTree = BUILT_PRODUCTS_DIR; };
		951A3F2A2AB8547A00D491BA /* kiwi_taskApp.swift */ = {isa = PBXFileReference; lastKnownFileType = sourcecode.swift; path = kiwi_taskApp.swift; sourceTree = "<group>"; };
		951A3F2C2AB8547A00D491BA /* ContentView.swift */ = {isa = PBXFileReference; lastKnownFileType = sourcecode.swift; path = ContentView.swift; sourceTree = "<group>"; };
		951A3F2E2AB8547B00D491BA /* Assets.xcassets */ = {isa = PBXFileReference; lastKnownFileType = folder.assetcatalog; path = Assets.xcassets; sourceTree = "<group>"; };
		951A3F312AB8547B00D491BA /* Preview Assets.xcassets */ = {isa = PBXFileReference; lastKnownFileType = folder.assetcatalog; path = "Preview Assets.xcassets"; sourceTree = "<group>"; };
		951A3F372AB8547B00D491BA /* kiwi_taskTests.xctest */ = {isa = PBXFileReference; explicitFileType = wrapper.cfbundle; includeInIndex = 0; path = kiwi_taskTests.xctest; sourceTree = BUILT_PRODUCTS_DIR; };
		951A3F3B2AB8547B00D491BA /* kiwi_taskTests.swift */ = {isa = PBXFileReference; lastKnownFileType = sourcecode.swift; path = kiwi_taskTests.swift; sourceTree = "<group>"; };
		951A3F412AB8547B00D491BA /* kiwi_taskUITests.xctest */ = {isa = PBXFileReference; explicitFileType = wrapper.cfbundle; includeInIndex = 0; path = kiwi_taskUITests.xctest; sourceTree = BUILT_PRODUCTS_DIR; };
		951A3F452AB8547B00D491BA /* kiwi_taskUITests.swift */ = {isa = PBXFileReference; lastKnownFileType = sourcecode.swift; path = kiwi_taskUITests.swift; sourceTree = "<group>"; };
		951A3F472AB8547B00D491BA /* kiwi_taskUITestsLaunchTests.swift */ = {isa = PBXFileReference; lastKnownFileType = sourcecode.swift; path = kiwi_taskUITestsLaunchTests.swift; sourceTree = "<group>"; };
		951C0E5D2ABAD74E009E0D6D /* UmbrellaAPI */ = {isa = PBXFileReference; lastKnownFileType = wrapper; name = UmbrellaAPI; path = ../UmbrellaAPI; sourceTree = "<group>"; };
		951C0E782ABB3D15009E0D6D /* FlightListViewModelType.swift */ = {isa = PBXFileReference; lastKnownFileType = sourcecode.swift; path = FlightListViewModelType.swift; sourceTree = "<group>"; };
		951C0E792ABB3D15009E0D6D /* FlightListView.swift */ = {isa = PBXFileReference; lastKnownFileType = sourcecode.swift; path = FlightListView.swift; sourceTree = "<group>"; };
		951C0E7A2ABB3D15009E0D6D /* FlightListViewModel.swift */ = {isa = PBXFileReference; lastKnownFileType = sourcecode.swift; path = FlightListViewModel.swift; sourceTree = "<group>"; };
		951C0E7B2ABB3D15009E0D6D /* FlightListService.swift */ = {isa = PBXFileReference; lastKnownFileType = sourcecode.swift; path = FlightListService.swift; sourceTree = "<group>"; };
		951C0E822ABB3F58009E0D6D /* DataState.swift */ = {isa = PBXFileReference; lastKnownFileType = sourcecode.swift; path = DataState.swift; sourceTree = "<group>"; };
		951C0E852ABB40D3009E0D6D /* CardViewModel.swift */ = {isa = PBXFileReference; lastKnownFileType = sourcecode.swift; path = CardViewModel.swift; sourceTree = "<group>"; };
		951C0E892ABB5269009E0D6D /* FilterOptionsViewModelType.swift */ = {isa = PBXFileReference; lastKnownFileType = sourcecode.swift; path = FilterOptionsViewModelType.swift; sourceTree = "<group>"; };
		951C0E8A2ABB5269009E0D6D /* FilterOptionsView.swift */ = {isa = PBXFileReference; lastKnownFileType = sourcecode.swift; path = FilterOptionsView.swift; sourceTree = "<group>"; };
		951C0E8B2ABB5269009E0D6D /* FilterOptionsViewModel.swift */ = {isa = PBXFileReference; lastKnownFileType = sourcecode.swift; path = FilterOptionsViewModel.swift; sourceTree = "<group>"; };
		951C0E8C2ABB5269009E0D6D /* FilterOptionsService.swift */ = {isa = PBXFileReference; lastKnownFileType = sourcecode.swift; path = FilterOptionsService.swift; sourceTree = "<group>"; };
		959055692ABB6BC900079D75 /* RoutingView.swift */ = {isa = PBXFileReference; fileEncoding = 4; lastKnownFileType = sourcecode.swift; path = RoutingView.swift; sourceTree = "<group>"; };
		9590556B2ABB6BC900079D75 /* Router.swift */ = {isa = PBXFileReference; fileEncoding = 4; lastKnownFileType = sourcecode.swift; path = Router.swift; sourceTree = "<group>"; };
		9590556C2ABB6BC900079D75 /* SceneRoute.swift */ = {isa = PBXFileReference; fileEncoding = 4; lastKnownFileType = sourcecode.swift; path = SceneRoute.swift; sourceTree = "<group>"; };
		95BFDFD52ABD1992004EB7FA /* FlightCardViewModel.swift */ = {isa = PBXFileReference; lastKnownFileType = sourcecode.swift; path = FlightCardViewModel.swift; sourceTree = "<group>"; };
		95BFDFD92ABD4A16004EB7FA /* FlightDetailViewModelType.swift */ = {isa = PBXFileReference; lastKnownFileType = sourcecode.swift; path = FlightDetailViewModelType.swift; sourceTree = "<group>"; };
		95BFDFDA2ABD4A16004EB7FA /* FlightDetailView.swift */ = {isa = PBXFileReference; lastKnownFileType = sourcecode.swift; path = FlightDetailView.swift; sourceTree = "<group>"; };
		95BFDFDB2ABD4A16004EB7FA /* FlightDetailViewModel.swift */ = {isa = PBXFileReference; lastKnownFileType = sourcecode.swift; path = FlightDetailViewModel.swift; sourceTree = "<group>"; };
		95BFDFE22ABD518E004EB7FA /* Sector+Strings.swift */ = {isa = PBXFileReference; lastKnownFileType = sourcecode.swift; path = "Sector+Strings.swift"; sourceTree = "<group>"; };
		95BFDFE42ABD5308004EB7FA /* Int+Time.swift */ = {isa = PBXFileReference; lastKnownFileType = sourcecode.swift; path = "Int+Time.swift"; sourceTree = "<group>"; };
		95BFDFE62ABD61E5004EB7FA /* LinkViewModel.swift */ = {isa = PBXFileReference; lastKnownFileType = sourcecode.swift; path = LinkViewModel.swift; sourceTree = "<group>"; };
		95FB469F2ABC168100B0115A /* CoreDataManager.swift */ = {isa = PBXFileReference; lastKnownFileType = sourcecode.swift; path = CoreDataManager.swift; sourceTree = "<group>"; };
		95FB46A22ABC183800B0115A /* Flights.xcdatamodel */ = {isa = PBXFileReference; lastKnownFileType = wrapper.xcdatamodel; path = Flights.xcdatamodel; sourceTree = "<group>"; };
		95FB46D92ABC304E00B0115A /* Place+CoreDataClass.swift */ = {isa = PBXFileReference; lastKnownFileType = sourcecode.swift; path = "Place+CoreDataClass.swift"; sourceTree = "<group>"; };
		95FB46DA2ABC304E00B0115A /* Place+CoreDataProperties.swift */ = {isa = PBXFileReference; lastKnownFileType = sourcecode.swift; path = "Place+CoreDataProperties.swift"; sourceTree = "<group>"; };
		95FB46DB2ABC304E00B0115A /* Filter+CoreDataClass.swift */ = {isa = PBXFileReference; lastKnownFileType = sourcecode.swift; path = "Filter+CoreDataClass.swift"; sourceTree = "<group>"; };
		95FB46DC2ABC304E00B0115A /* Filter+CoreDataProperties.swift */ = {isa = PBXFileReference; lastKnownFileType = sourcecode.swift; path = "Filter+CoreDataProperties.swift"; sourceTree = "<group>"; };
		95FB46E12ABC321A00B0115A /* PersistentStore.swift */ = {isa = PBXFileReference; lastKnownFileType = sourcecode.swift; path = PersistentStore.swift; sourceTree = "<group>"; };
		95FB46E32ABC395300B0115A /* Config.swift */ = {isa = PBXFileReference; lastKnownFileType = sourcecode.swift; path = Config.swift; sourceTree = "<group>"; };
		95FB46E62ABC3D6800B0115A /* APIClient.swift */ = {isa = PBXFileReference; lastKnownFileType = sourcecode.swift; path = APIClient.swift; sourceTree = "<group>"; };
		95FB46E82ABC5E0500B0115A /* ListSection.swift */ = {isa = PBXFileReference; lastKnownFileType = sourcecode.swift; path = ListSection.swift; sourceTree = "<group>"; };
		95FB46EA2ABC5F9800B0115A /* PickerViewModel.swift */ = {isa = PBXFileReference; lastKnownFileType = sourcecode.swift; path = PickerViewModel.swift; sourceTree = "<group>"; };
		95FB46EC2ABC66E400B0115A /* LocationManager.swift */ = {isa = PBXFileReference; lastKnownFileType = sourcecode.swift; path = LocationManager.swift; sourceTree = "<group>"; };
		95FB46EF2ABC82B400B0115A /* PersistentFilter.swift */ = {isa = PBXFileReference; lastKnownFileType = sourcecode.swift; path = PersistentFilter.swift; sourceTree = "<group>"; };
		95FB46F12ABC82C800B0115A /* PersistentPlace.swift */ = {isa = PBXFileReference; lastKnownFileType = sourcecode.swift; path = PersistentPlace.swift; sourceTree = "<group>"; };
		95FB46F32ABC9EEB00B0115A /* TileViewModel.swift */ = {isa = PBXFileReference; lastKnownFileType = sourcecode.swift; path = TileViewModel.swift; sourceTree = "<group>"; };
		95FB46F52ABCA85D00B0115A /* StepperViewModel.swift */ = {isa = PBXFileReference; lastKnownFileType = sourcecode.swift; path = StepperViewModel.swift; sourceTree = "<group>"; };
		95FB46F92ABCE30F00B0115A /* SearchPlacesViewModelType.swift */ = {isa = PBXFileReference; lastKnownFileType = sourcecode.swift; path = SearchPlacesViewModelType.swift; sourceTree = "<group>"; };
		95FB46FA2ABCE30F00B0115A /* SearchPlacesView.swift */ = {isa = PBXFileReference; lastKnownFileType = sourcecode.swift; path = SearchPlacesView.swift; sourceTree = "<group>"; };
		95FB46FB2ABCE30F00B0115A /* SearchPlacesViewModel.swift */ = {isa = PBXFileReference; lastKnownFileType = sourcecode.swift; path = SearchPlacesViewModel.swift; sourceTree = "<group>"; };
		95FB46FC2ABCE30F00B0115A /* SearchPlacesService.swift */ = {isa = PBXFileReference; lastKnownFileType = sourcecode.swift; path = SearchPlacesService.swift; sourceTree = "<group>"; };
		95FB47042ABD0F3400B0115A /* DateUtils.swift */ = {isa = PBXFileReference; lastKnownFileType = sourcecode.swift; path = DateUtils.swift; sourceTree = "<group>"; };
/* End PBXFileReference section */

/* Begin PBXFrameworksBuildPhase section */
		951A3F242AB8547A00D491BA /* Frameworks */ = {
			isa = PBXFrameworksBuildPhase;
			buildActionMask = 2147483647;
			files = (
				951C0E602ABAD81C009E0D6D /* Orbit in Frameworks */,
				95FB46B72ABC21BE00B0115A /* UmbrellaAPI in Frameworks */,
			);
			runOnlyForDeploymentPostprocessing = 0;
		};
		951A3F342AB8547B00D491BA /* Frameworks */ = {
			isa = PBXFrameworksBuildPhase;
			buildActionMask = 2147483647;
			files = (
			);
			runOnlyForDeploymentPostprocessing = 0;
		};
		951A3F3E2AB8547B00D491BA /* Frameworks */ = {
			isa = PBXFrameworksBuildPhase;
			buildActionMask = 2147483647;
			files = (
			);
			runOnlyForDeploymentPostprocessing = 0;
		};
/* End PBXFrameworksBuildPhase section */

/* Begin PBXGroup section */
		951A3F1E2AB8547A00D491BA = {
			isa = PBXGroup;
			children = (
				95FB46A12ABC183800B0115A /* Flights.xcdatamodeld */,
				951C0E5C2ABAD74E009E0D6D /* Packages */,
				951A3F292AB8547A00D491BA /* kiwi_task */,
				951A3F3A2AB8547B00D491BA /* kiwi_taskTests */,
				951A3F442AB8547B00D491BA /* kiwi_taskUITests */,
				951A3F282AB8547A00D491BA /* Products */,
				95FB46B52ABC21BE00B0115A /* Frameworks */,
			);
			sourceTree = "<group>";
		};
		951A3F282AB8547A00D491BA /* Products */ = {
			isa = PBXGroup;
			children = (
				951A3F272AB8547A00D491BA /* kiwi_task.app */,
				951A3F372AB8547B00D491BA /* kiwi_taskTests.xctest */,
				951A3F412AB8547B00D491BA /* kiwi_taskUITests.xctest */,
			);
			name = Products;
			sourceTree = "<group>";
		};
		951A3F292AB8547A00D491BA /* kiwi_task */ = {
			isa = PBXGroup;
			children = (
				95FB46E52ABC3D5200B0115A /* API */,
				95FB469E2ABC166C00B0115A /* PersistentStore */,
				959055682ABB6BC900079D75 /* Router */,
				951C0E842ABB40BE009E0D6D /* ViewModels */,
				951C0E812ABB3F0B009E0D6D /* Utils */,
				951C0E612ABAD839009E0D6D /* Scenes */,
				951A3F2A2AB8547A00D491BA /* kiwi_taskApp.swift */,
				951A3F2C2AB8547A00D491BA /* ContentView.swift */,
				951A3F2E2AB8547B00D491BA /* Assets.xcassets */,
				951A3F302AB8547B00D491BA /* Preview Content */,
				95FB46E32ABC395300B0115A /* Config.swift */,
			);
			path = kiwi_task;
			sourceTree = "<group>";
		};
		951A3F302AB8547B00D491BA /* Preview Content */ = {
			isa = PBXGroup;
			children = (
				951A3F312AB8547B00D491BA /* Preview Assets.xcassets */,
			);
			path = "Preview Content";
			sourceTree = "<group>";
		};
		951A3F3A2AB8547B00D491BA /* kiwi_taskTests */ = {
			isa = PBXGroup;
			children = (
				951A3F3B2AB8547B00D491BA /* kiwi_taskTests.swift */,
			);
			path = kiwi_taskTests;
			sourceTree = "<group>";
		};
		951A3F442AB8547B00D491BA /* kiwi_taskUITests */ = {
			isa = PBXGroup;
			children = (
				951A3F452AB8547B00D491BA /* kiwi_taskUITests.swift */,
				951A3F472AB8547B00D491BA /* kiwi_taskUITestsLaunchTests.swift */,
			);
			path = kiwi_taskUITests;
			sourceTree = "<group>";
		};
		951C0E5C2ABAD74E009E0D6D /* Packages */ = {
			isa = PBXGroup;
			children = (
				951C0E5D2ABAD74E009E0D6D /* UmbrellaAPI */,
			);
			name = Packages;
			sourceTree = "<group>";
		};
		951C0E612ABAD839009E0D6D /* Scenes */ = {
			isa = PBXGroup;
			children = (
				95BFDFD72ABD49F5004EB7FA /* FlightDetail */,
				95FB46F72ABCE2F300B0115A /* SearchPlaces */,
				951C0E872ABB5246009E0D6D /* FilterOptions */,
				951C0E762ABB3D09009E0D6D /* FlightList */,
			);
			path = Scenes;
			sourceTree = "<group>";
		};
		951C0E762ABB3D09009E0D6D /* FlightList */ = {
			isa = PBXGroup;
			children = (
				951C0E782ABB3D15009E0D6D /* FlightListViewModelType.swift */,
				951C0E792ABB3D15009E0D6D /* FlightListView.swift */,
				951C0E7A2ABB3D15009E0D6D /* FlightListViewModel.swift */,
				951C0E7B2ABB3D15009E0D6D /* FlightListService.swift */,
			);
			path = FlightList;
			sourceTree = "<group>";
		};
		951C0E812ABB3F0B009E0D6D /* Utils */ = {
			isa = PBXGroup;
			children = (
				951C0E822ABB3F58009E0D6D /* DataState.swift */,
				95FB46E82ABC5E0500B0115A /* ListSection.swift */,
				95FB46EC2ABC66E400B0115A /* LocationManager.swift */,
				95FB47042ABD0F3400B0115A /* DateUtils.swift */,
				95BFDFE22ABD518E004EB7FA /* Sector+Strings.swift */,
				95BFDFE42ABD5308004EB7FA /* Int+Time.swift */,
			);
			path = Utils;
			sourceTree = "<group>";
		};
		951C0E842ABB40BE009E0D6D /* ViewModels */ = {
			isa = PBXGroup;
			children = (
				951C0E852ABB40D3009E0D6D /* CardViewModel.swift */,
				95FB46EA2ABC5F9800B0115A /* PickerViewModel.swift */,
				95FB46F32ABC9EEB00B0115A /* TileViewModel.swift */,
				95FB46F52ABCA85D00B0115A /* StepperViewModel.swift */,
				95BFDFD52ABD1992004EB7FA /* FlightCardViewModel.swift */,
				95BFDFE62ABD61E5004EB7FA /* LinkViewModel.swift */,
			);
			path = ViewModels;
			sourceTree = "<group>";
		};
		951C0E872ABB5246009E0D6D /* FilterOptions */ = {
			isa = PBXGroup;
			children = (
				951C0E892ABB5269009E0D6D /* FilterOptionsViewModelType.swift */,
				951C0E8A2ABB5269009E0D6D /* FilterOptionsView.swift */,
				951C0E8B2ABB5269009E0D6D /* FilterOptionsViewModel.swift */,
				951C0E8C2ABB5269009E0D6D /* FilterOptionsService.swift */,
			);
			path = FilterOptions;
			sourceTree = "<group>";
		};
		959055682ABB6BC900079D75 /* Router */ = {
			isa = PBXGroup;
			children = (
				959055692ABB6BC900079D75 /* RoutingView.swift */,
				9590556B2ABB6BC900079D75 /* Router.swift */,
				9590556C2ABB6BC900079D75 /* SceneRoute.swift */,
			);
			path = Router;
			sourceTree = "<group>";
		};
		95BFDFD72ABD49F5004EB7FA /* FlightDetail */ = {
			isa = PBXGroup;
			children = (
				95BFDFD92ABD4A16004EB7FA /* FlightDetailViewModelType.swift */,
				95BFDFDA2ABD4A16004EB7FA /* FlightDetailView.swift */,
				95BFDFDB2ABD4A16004EB7FA /* FlightDetailViewModel.swift */,
			);
			path = FlightDetail;
			sourceTree = "<group>";
		};
		95FB469E2ABC166C00B0115A /* PersistentStore */ = {
			isa = PBXGroup;
			children = (
				95FB46EE2ABC828A00B0115A /* Models */,
				95FB46D02ABC2FA000B0115A /* GeneratedCoreDataModels */,
				95FB469F2ABC168100B0115A /* CoreDataManager.swift */,
				95FB46E12ABC321A00B0115A /* PersistentStore.swift */,
			);
			path = PersistentStore;
			sourceTree = "<group>";
		};
		95FB46B52ABC21BE00B0115A /* Frameworks */ = {
			isa = PBXGroup;
			children = (
			);
			name = Frameworks;
			sourceTree = "<group>";
		};
		95FB46D02ABC2FA000B0115A /* GeneratedCoreDataModels */ = {
			isa = PBXGroup;
			children = (
				95FB46D92ABC304E00B0115A /* Place+CoreDataClass.swift */,
				95FB46DA2ABC304E00B0115A /* Place+CoreDataProperties.swift */,
				95FB46DB2ABC304E00B0115A /* Filter+CoreDataClass.swift */,
				95FB46DC2ABC304E00B0115A /* Filter+CoreDataProperties.swift */,
			);
			path = GeneratedCoreDataModels;
			sourceTree = "<group>";
		};
		95FB46E52ABC3D5200B0115A /* API */ = {
			isa = PBXGroup;
			children = (
				95FB46E62ABC3D6800B0115A /* APIClient.swift */,
			);
			path = API;
			sourceTree = "<group>";
		};
		95FB46EE2ABC828A00B0115A /* Models */ = {
			isa = PBXGroup;
			children = (
				95FB46EF2ABC82B400B0115A /* PersistentFilter.swift */,
				95FB46F12ABC82C800B0115A /* PersistentPlace.swift */,
			);
			path = Models;
			sourceTree = "<group>";
		};
		95FB46F72ABCE2F300B0115A /* SearchPlaces */ = {
			isa = PBXGroup;
			children = (
				95FB46F92ABCE30F00B0115A /* SearchPlacesViewModelType.swift */,
				95FB46FA2ABCE30F00B0115A /* SearchPlacesView.swift */,
				95FB46FB2ABCE30F00B0115A /* SearchPlacesViewModel.swift */,
				95FB46FC2ABCE30F00B0115A /* SearchPlacesService.swift */,
			);
			path = SearchPlaces;
			sourceTree = "<group>";
		};
/* End PBXGroup section */

/* Begin PBXNativeTarget section */
		951A3F262AB8547A00D491BA /* kiwi_task */ = {
			isa = PBXNativeTarget;
			buildConfigurationList = 951A3F4B2AB8547B00D491BA /* Build configuration list for PBXNativeTarget "kiwi_task" */;
			buildPhases = (
				951A3F232AB8547A00D491BA /* Sources */,
				951A3F242AB8547A00D491BA /* Frameworks */,
				951A3F252AB8547A00D491BA /* Resources */,
			);
			buildRules = (
			);
			dependencies = (
			);
			name = kiwi_task;
			packageProductDependencies = (
				951C0E5F2ABAD81C009E0D6D /* Orbit */,
				95FB46B62ABC21BE00B0115A /* UmbrellaAPI */,
			);
			productName = kiwi_task;
			productReference = 951A3F272AB8547A00D491BA /* kiwi_task.app */;
			productType = "com.apple.product-type.application";
		};
		951A3F362AB8547B00D491BA /* kiwi_taskTests */ = {
			isa = PBXNativeTarget;
			buildConfigurationList = 951A3F4E2AB8547B00D491BA /* Build configuration list for PBXNativeTarget "kiwi_taskTests" */;
			buildPhases = (
				951A3F332AB8547B00D491BA /* Sources */,
				951A3F342AB8547B00D491BA /* Frameworks */,
				951A3F352AB8547B00D491BA /* Resources */,
			);
			buildRules = (
			);
			dependencies = (
				951A3F392AB8547B00D491BA /* PBXTargetDependency */,
			);
			name = kiwi_taskTests;
			productName = kiwi_taskTests;
			productReference = 951A3F372AB8547B00D491BA /* kiwi_taskTests.xctest */;
			productType = "com.apple.product-type.bundle.unit-test";
		};
		951A3F402AB8547B00D491BA /* kiwi_taskUITests */ = {
			isa = PBXNativeTarget;
			buildConfigurationList = 951A3F512AB8547B00D491BA /* Build configuration list for PBXNativeTarget "kiwi_taskUITests" */;
			buildPhases = (
				951A3F3D2AB8547B00D491BA /* Sources */,
				951A3F3E2AB8547B00D491BA /* Frameworks */,
				951A3F3F2AB8547B00D491BA /* Resources */,
			);
			buildRules = (
			);
			dependencies = (
				951A3F432AB8547B00D491BA /* PBXTargetDependency */,
			);
			name = kiwi_taskUITests;
			productName = kiwi_taskUITests;
			productReference = 951A3F412AB8547B00D491BA /* kiwi_taskUITests.xctest */;
			productType = "com.apple.product-type.bundle.ui-testing";
		};
/* End PBXNativeTarget section */

/* Begin PBXProject section */
		951A3F1F2AB8547A00D491BA /* Project object */ = {
			isa = PBXProject;
			attributes = {
				BuildIndependentTargetsInParallel = 1;
				LastSwiftUpdateCheck = 1430;
				LastUpgradeCheck = 1430;
				TargetAttributes = {
					951A3F262AB8547A00D491BA = {
						CreatedOnToolsVersion = 14.3.1;
					};
					951A3F362AB8547B00D491BA = {
						CreatedOnToolsVersion = 14.3.1;
						TestTargetID = 951A3F262AB8547A00D491BA;
					};
					951A3F402AB8547B00D491BA = {
						CreatedOnToolsVersion = 14.3.1;
						TestTargetID = 951A3F262AB8547A00D491BA;
					};
				};
			};
			buildConfigurationList = 951A3F222AB8547A00D491BA /* Build configuration list for PBXProject "kiwi_task" */;
			compatibilityVersion = "Xcode 14.0";
			developmentRegion = en;
			hasScannedForEncodings = 0;
			knownRegions = (
				en,
				Base,
			);
			mainGroup = 951A3F1E2AB8547A00D491BA;
			packageReferences = (
				951C0E5E2ABAD81C009E0D6D /* XCRemoteSwiftPackageReference "orbit-swiftui" */,
			);
			productRefGroup = 951A3F282AB8547A00D491BA /* Products */;
			projectDirPath = "";
			projectRoot = "";
			targets = (
				951A3F262AB8547A00D491BA /* kiwi_task */,
				951A3F362AB8547B00D491BA /* kiwi_taskTests */,
				951A3F402AB8547B00D491BA /* kiwi_taskUITests */,
			);
		};
/* End PBXProject section */

/* Begin PBXResourcesBuildPhase section */
		951A3F252AB8547A00D491BA /* Resources */ = {
			isa = PBXResourcesBuildPhase;
			buildActionMask = 2147483647;
			files = (
				951A3F322AB8547B00D491BA /* Preview Assets.xcassets in Resources */,
				951A3F2F2AB8547B00D491BA /* Assets.xcassets in Resources */,
			);
			runOnlyForDeploymentPostprocessing = 0;
		};
		951A3F352AB8547B00D491BA /* Resources */ = {
			isa = PBXResourcesBuildPhase;
			buildActionMask = 2147483647;
			files = (
			);
			runOnlyForDeploymentPostprocessing = 0;
		};
		951A3F3F2AB8547B00D491BA /* Resources */ = {
			isa = PBXResourcesBuildPhase;
			buildActionMask = 2147483647;
			files = (
			);
			runOnlyForDeploymentPostprocessing = 0;
		};
/* End PBXResourcesBuildPhase section */

/* Begin PBXSourcesBuildPhase section */
		951A3F232AB8547A00D491BA /* Sources */ = {
			isa = PBXSourcesBuildPhase;
			buildActionMask = 2147483647;
			files = (
				95FB46F02ABC82B400B0115A /* PersistentFilter.swift in Sources */,
				951C0E7F2ABB3D15009E0D6D /* FlightListViewModel.swift in Sources */,
				95FB47012ABCE30F00B0115A /* SearchPlacesService.swift in Sources */,
				951C0E832ABB3F58009E0D6D /* DataState.swift in Sources */,
				95BFDFE02ABD4A16004EB7FA /* FlightDetailViewModel.swift in Sources */,
				951C0E902ABB5269009E0D6D /* FilterOptionsViewModel.swift in Sources */,
				951C0E802ABB3D15009E0D6D /* FlightListService.swift in Sources */,
				951A3F2D2AB8547A00D491BA /* ContentView.swift in Sources */,
				95FB46DE2ABC304E00B0115A /* Place+CoreDataProperties.swift in Sources */,
				95FB46FF2ABCE30F00B0115A /* SearchPlacesView.swift in Sources */,
				95BFDFD62ABD1992004EB7FA /* FlightCardViewModel.swift in Sources */,
				95FB46A32ABC183800B0115A /* Flights.xcdatamodeld in Sources */,
				95FB46E02ABC304E00B0115A /* Filter+CoreDataProperties.swift in Sources */,
				95FB46E22ABC321A00B0115A /* PersistentStore.swift in Sources */,
				95BFDFDF2ABD4A16004EB7FA /* FlightDetailView.swift in Sources */,
				951C0E7E2ABB3D15009E0D6D /* FlightListView.swift in Sources */,
				95FB47052ABD0F3400B0115A /* DateUtils.swift in Sources */,
				95FB47002ABCE30F00B0115A /* SearchPlacesViewModel.swift in Sources */,
				951C0E862ABB40D3009E0D6D /* CardViewModel.swift in Sources */,
				95BFDFE72ABD61E5004EB7FA /* LinkViewModel.swift in Sources */,
				95FB46E72ABC3D6800B0115A /* APIClient.swift in Sources */,
				951C0E8E2ABB5269009E0D6D /* FilterOptionsViewModelType.swift in Sources */,
				9590556F2ABB6BC900079D75 /* Router.swift in Sources */,
				951C0E8F2ABB5269009E0D6D /* FilterOptionsView.swift in Sources */,
				95FB46FE2ABCE30F00B0115A /* SearchPlacesViewModelType.swift in Sources */,
				95FB46F22ABC82C800B0115A /* PersistentPlace.swift in Sources */,
				95FB46DD2ABC304E00B0115A /* Place+CoreDataClass.swift in Sources */,
				95FB46A02ABC168100B0115A /* CoreDataManager.swift in Sources */,
				951C0E7D2ABB3D15009E0D6D /* FlightListViewModelType.swift in Sources */,
				95FB46EB2ABC5F9800B0115A /* PickerViewModel.swift in Sources */,
				95FB46F42ABC9EEB00B0115A /* TileViewModel.swift in Sources */,
				95FB46DF2ABC304E00B0115A /* Filter+CoreDataClass.swift in Sources */,
				95FB46E42ABC395300B0115A /* Config.swift in Sources */,
				9590556D2ABB6BC900079D75 /* RoutingView.swift in Sources */,
				951C0E912ABB5269009E0D6D /* FilterOptionsService.swift in Sources */,
				95BFDFE52ABD5308004EB7FA /* Int+Time.swift in Sources */,
				95FB46F62ABCA85D00B0115A /* StepperViewModel.swift in Sources */,
				959055702ABB6BC900079D75 /* SceneRoute.swift in Sources */,
				951A3F2B2AB8547A00D491BA /* kiwi_taskApp.swift in Sources */,
				95BFDFE32ABD518E004EB7FA /* Sector+Strings.swift in Sources */,
				95FB46E92ABC5E0500B0115A /* ListSection.swift in Sources */,
				95BFDFDE2ABD4A16004EB7FA /* FlightDetailViewModelType.swift in Sources */,
				95FB46ED2ABC66E400B0115A /* LocationManager.swift in Sources */,
			);
			runOnlyForDeploymentPostprocessing = 0;
		};
		951A3F332AB8547B00D491BA /* Sources */ = {
			isa = PBXSourcesBuildPhase;
			buildActionMask = 2147483647;
			files = (
				951A3F3C2AB8547B00D491BA /* kiwi_taskTests.swift in Sources */,
			);
			runOnlyForDeploymentPostprocessing = 0;
		};
		951A3F3D2AB8547B00D491BA /* Sources */ = {
			isa = PBXSourcesBuildPhase;
			buildActionMask = 2147483647;
			files = (
				951A3F462AB8547B00D491BA /* kiwi_taskUITests.swift in Sources */,
				951A3F482AB8547B00D491BA /* kiwi_taskUITestsLaunchTests.swift in Sources */,
			);
			runOnlyForDeploymentPostprocessing = 0;
		};
/* End PBXSourcesBuildPhase section */

/* Begin PBXTargetDependency section */
		951A3F392AB8547B00D491BA /* PBXTargetDependency */ = {
			isa = PBXTargetDependency;
			target = 951A3F262AB8547A00D491BA /* kiwi_task */;
			targetProxy = 951A3F382AB8547B00D491BA /* PBXContainerItemProxy */;
		};
		951A3F432AB8547B00D491BA /* PBXTargetDependency */ = {
			isa = PBXTargetDependency;
			target = 951A3F262AB8547A00D491BA /* kiwi_task */;
			targetProxy = 951A3F422AB8547B00D491BA /* PBXContainerItemProxy */;
		};
/* End PBXTargetDependency section */

/* Begin XCBuildConfiguration section */
		951A3F492AB8547B00D491BA /* Debug */ = {
			isa = XCBuildConfiguration;
			buildSettings = {
				ALWAYS_SEARCH_USER_PATHS = NO;
				CLANG_ANALYZER_NONNULL = YES;
				CLANG_ANALYZER_NUMBER_OBJECT_CONVERSION = YES_AGGRESSIVE;
				CLANG_CXX_LANGUAGE_STANDARD = "gnu++20";
				CLANG_ENABLE_MODULES = YES;
				CLANG_ENABLE_OBJC_ARC = YES;
				CLANG_ENABLE_OBJC_WEAK = YES;
				CLANG_WARN_BLOCK_CAPTURE_AUTORELEASING = YES;
				CLANG_WARN_BOOL_CONVERSION = YES;
				CLANG_WARN_COMMA = YES;
				CLANG_WARN_CONSTANT_CONVERSION = YES;
				CLANG_WARN_DEPRECATED_OBJC_IMPLEMENTATIONS = YES;
				CLANG_WARN_DIRECT_OBJC_ISA_USAGE = YES_ERROR;
				CLANG_WARN_DOCUMENTATION_COMMENTS = YES;
				CLANG_WARN_EMPTY_BODY = YES;
				CLANG_WARN_ENUM_CONVERSION = YES;
				CLANG_WARN_INFINITE_RECURSION = YES;
				CLANG_WARN_INT_CONVERSION = YES;
				CLANG_WARN_NON_LITERAL_NULL_CONVERSION = YES;
				CLANG_WARN_OBJC_IMPLICIT_RETAIN_SELF = YES;
				CLANG_WARN_OBJC_LITERAL_CONVERSION = YES;
				CLANG_WARN_OBJC_ROOT_CLASS = YES_ERROR;
				CLANG_WARN_QUOTED_INCLUDE_IN_FRAMEWORK_HEADER = YES;
				CLANG_WARN_RANGE_LOOP_ANALYSIS = YES;
				CLANG_WARN_STRICT_PROTOTYPES = YES;
				CLANG_WARN_SUSPICIOUS_MOVE = YES;
				CLANG_WARN_UNGUARDED_AVAILABILITY = YES_AGGRESSIVE;
				CLANG_WARN_UNREACHABLE_CODE = YES;
				CLANG_WARN__DUPLICATE_METHOD_MATCH = YES;
				COPY_PHASE_STRIP = NO;
				DEBUG_INFORMATION_FORMAT = dwarf;
				ENABLE_STRICT_OBJC_MSGSEND = YES;
				ENABLE_TESTABILITY = YES;
				GCC_C_LANGUAGE_STANDARD = gnu11;
				GCC_DYNAMIC_NO_PIC = NO;
				GCC_NO_COMMON_BLOCKS = YES;
				GCC_OPTIMIZATION_LEVEL = 0;
				GCC_PREPROCESSOR_DEFINITIONS = (
					"DEBUG=1",
					"$(inherited)",
				);
				GCC_WARN_64_TO_32_BIT_CONVERSION = YES;
				GCC_WARN_ABOUT_RETURN_TYPE = YES_ERROR;
				GCC_WARN_UNDECLARED_SELECTOR = YES;
				GCC_WARN_UNINITIALIZED_AUTOS = YES_AGGRESSIVE;
				GCC_WARN_UNUSED_FUNCTION = YES;
				GCC_WARN_UNUSED_VARIABLE = YES;
				IPHONEOS_DEPLOYMENT_TARGET = 16.4;
				MTL_ENABLE_DEBUG_INFO = INCLUDE_SOURCE;
				MTL_FAST_MATH = YES;
				ONLY_ACTIVE_ARCH = YES;
				SDKROOT = iphoneos;
				SWIFT_ACTIVE_COMPILATION_CONDITIONS = DEBUG;
				SWIFT_OPTIMIZATION_LEVEL = "-Onone";
			};
			name = Debug;
		};
		951A3F4A2AB8547B00D491BA /* Release */ = {
			isa = XCBuildConfiguration;
			buildSettings = {
				ALWAYS_SEARCH_USER_PATHS = NO;
				CLANG_ANALYZER_NONNULL = YES;
				CLANG_ANALYZER_NUMBER_OBJECT_CONVERSION = YES_AGGRESSIVE;
				CLANG_CXX_LANGUAGE_STANDARD = "gnu++20";
				CLANG_ENABLE_MODULES = YES;
				CLANG_ENABLE_OBJC_ARC = YES;
				CLANG_ENABLE_OBJC_WEAK = YES;
				CLANG_WARN_BLOCK_CAPTURE_AUTORELEASING = YES;
				CLANG_WARN_BOOL_CONVERSION = YES;
				CLANG_WARN_COMMA = YES;
				CLANG_WARN_CONSTANT_CONVERSION = YES;
				CLANG_WARN_DEPRECATED_OBJC_IMPLEMENTATIONS = YES;
				CLANG_WARN_DIRECT_OBJC_ISA_USAGE = YES_ERROR;
				CLANG_WARN_DOCUMENTATION_COMMENTS = YES;
				CLANG_WARN_EMPTY_BODY = YES;
				CLANG_WARN_ENUM_CONVERSION = YES;
				CLANG_WARN_INFINITE_RECURSION = YES;
				CLANG_WARN_INT_CONVERSION = YES;
				CLANG_WARN_NON_LITERAL_NULL_CONVERSION = YES;
				CLANG_WARN_OBJC_IMPLICIT_RETAIN_SELF = YES;
				CLANG_WARN_OBJC_LITERAL_CONVERSION = YES;
				CLANG_WARN_OBJC_ROOT_CLASS = YES_ERROR;
				CLANG_WARN_QUOTED_INCLUDE_IN_FRAMEWORK_HEADER = YES;
				CLANG_WARN_RANGE_LOOP_ANALYSIS = YES;
				CLANG_WARN_STRICT_PROTOTYPES = YES;
				CLANG_WARN_SUSPICIOUS_MOVE = YES;
				CLANG_WARN_UNGUARDED_AVAILABILITY = YES_AGGRESSIVE;
				CLANG_WARN_UNREACHABLE_CODE = YES;
				CLANG_WARN__DUPLICATE_METHOD_MATCH = YES;
				COPY_PHASE_STRIP = NO;
				DEBUG_INFORMATION_FORMAT = "dwarf-with-dsym";
				ENABLE_NS_ASSERTIONS = NO;
				ENABLE_STRICT_OBJC_MSGSEND = YES;
				GCC_C_LANGUAGE_STANDARD = gnu11;
				GCC_NO_COMMON_BLOCKS = YES;
				GCC_WARN_64_TO_32_BIT_CONVERSION = YES;
				GCC_WARN_ABOUT_RETURN_TYPE = YES_ERROR;
				GCC_WARN_UNDECLARED_SELECTOR = YES;
				GCC_WARN_UNINITIALIZED_AUTOS = YES_AGGRESSIVE;
				GCC_WARN_UNUSED_FUNCTION = YES;
				GCC_WARN_UNUSED_VARIABLE = YES;
				IPHONEOS_DEPLOYMENT_TARGET = 16.4;
				MTL_ENABLE_DEBUG_INFO = NO;
				MTL_FAST_MATH = YES;
				SDKROOT = iphoneos;
				SWIFT_COMPILATION_MODE = wholemodule;
				SWIFT_OPTIMIZATION_LEVEL = "-O";
				VALIDATE_PRODUCT = YES;
			};
			name = Release;
		};
		951A3F4C2AB8547B00D491BA /* Debug */ = {
			isa = XCBuildConfiguration;
			buildSettings = {
				ASSETCATALOG_COMPILER_APPICON_NAME = AppIcon;
				ASSETCATALOG_COMPILER_GLOBAL_ACCENT_COLOR_NAME = AccentColor;
				CODE_SIGN_STYLE = Automatic;
				CURRENT_PROJECT_VERSION = 1;
				DEVELOPMENT_ASSET_PATHS = "\"kiwi_task/Preview Content\"";
				DEVELOPMENT_TEAM = XW2U839GPC;
				ENABLE_PREVIEWS = YES;
				GENERATE_INFOPLIST_FILE = YES;
				INFOPLIST_KEY_NSLocationWhenInUseUsageDescription = "To get you more precise results, we need your location";
				INFOPLIST_KEY_UIApplicationSceneManifest_Generation = YES;
				INFOPLIST_KEY_UIApplicationSupportsIndirectInputEvents = YES;
				INFOPLIST_KEY_UILaunchScreen_Generation = YES;
				INFOPLIST_KEY_UISupportedInterfaceOrientations_iPad = "UIInterfaceOrientationPortrait UIInterfaceOrientationPortraitUpsideDown UIInterfaceOrientationLandscapeLeft UIInterfaceOrientationLandscapeRight";
				INFOPLIST_KEY_UISupportedInterfaceOrientations_iPhone = "UIInterfaceOrientationPortrait UIInterfaceOrientationLandscapeLeft UIInterfaceOrientationLandscapeRight";
				LD_RUNPATH_SEARCH_PATHS = (
					"$(inherited)",
					"@executable_path/Frameworks",
				);
				MARKETING_VERSION = 1.0;
				PRODUCT_BUNDLE_IDENTIFIER = "nl.knaken.ios.kiwi-task";
				PRODUCT_NAME = "$(TARGET_NAME)";
				SWIFT_EMIT_LOC_STRINGS = YES;
				SWIFT_VERSION = 5.0;
				TARGETED_DEVICE_FAMILY = "1,2";
			};
			name = Debug;
		};
		951A3F4D2AB8547B00D491BA /* Release */ = {
			isa = XCBuildConfiguration;
			buildSettings = {
				ASSETCATALOG_COMPILER_APPICON_NAME = AppIcon;
				ASSETCATALOG_COMPILER_GLOBAL_ACCENT_COLOR_NAME = AccentColor;
				CODE_SIGN_STYLE = Automatic;
				CURRENT_PROJECT_VERSION = 1;
				DEVELOPMENT_ASSET_PATHS = "\"kiwi_task/Preview Content\"";
				DEVELOPMENT_TEAM = XW2U839GPC;
				ENABLE_PREVIEWS = YES;
				GENERATE_INFOPLIST_FILE = YES;
				INFOPLIST_KEY_NSLocationWhenInUseUsageDescription = "To get you more precise results, we need your location";
				INFOPLIST_KEY_UIApplicationSceneManifest_Generation = YES;
				INFOPLIST_KEY_UIApplicationSupportsIndirectInputEvents = YES;
				INFOPLIST_KEY_UILaunchScreen_Generation = YES;
				INFOPLIST_KEY_UISupportedInterfaceOrientations_iPad = "UIInterfaceOrientationPortrait UIInterfaceOrientationPortraitUpsideDown UIInterfaceOrientationLandscapeLeft UIInterfaceOrientationLandscapeRight";
				INFOPLIST_KEY_UISupportedInterfaceOrientations_iPhone = "UIInterfaceOrientationPortrait UIInterfaceOrientationLandscapeLeft UIInterfaceOrientationLandscapeRight";
				LD_RUNPATH_SEARCH_PATHS = (
					"$(inherited)",
					"@executable_path/Frameworks",
				);
				MARKETING_VERSION = 1.0;
				PRODUCT_BUNDLE_IDENTIFIER = "nl.knaken.ios.kiwi-task";
				PRODUCT_NAME = "$(TARGET_NAME)";
				SWIFT_EMIT_LOC_STRINGS = YES;
				SWIFT_VERSION = 5.0;
				TARGETED_DEVICE_FAMILY = "1,2";
			};
			name = Release;
		};
		951A3F4F2AB8547B00D491BA /* Debug */ = {
			isa = XCBuildConfiguration;
			buildSettings = {
				ALWAYS_EMBED_SWIFT_STANDARD_LIBRARIES = YES;
				BUNDLE_LOADER = "$(TEST_HOST)";
				CODE_SIGN_STYLE = Automatic;
				CURRENT_PROJECT_VERSION = 1;
				DEVELOPMENT_TEAM = XW2U839GPC;
				GENERATE_INFOPLIST_FILE = YES;
				IPHONEOS_DEPLOYMENT_TARGET = 16.4;
				MARKETING_VERSION = 1.0;
				PRODUCT_BUNDLE_IDENTIFIER = "nl.knaken.ios.kiwi-taskTests";
				PRODUCT_NAME = "$(TARGET_NAME)";
				SWIFT_EMIT_LOC_STRINGS = NO;
				SWIFT_VERSION = 5.0;
				TARGETED_DEVICE_FAMILY = "1,2";
				TEST_HOST = "$(BUILT_PRODUCTS_DIR)/kiwi_task.app/$(BUNDLE_EXECUTABLE_FOLDER_PATH)/kiwi_task";
			};
			name = Debug;
		};
		951A3F502AB8547B00D491BA /* Release */ = {
			isa = XCBuildConfiguration;
			buildSettings = {
				ALWAYS_EMBED_SWIFT_STANDARD_LIBRARIES = YES;
				BUNDLE_LOADER = "$(TEST_HOST)";
				CODE_SIGN_STYLE = Automatic;
				CURRENT_PROJECT_VERSION = 1;
				DEVELOPMENT_TEAM = XW2U839GPC;
				GENERATE_INFOPLIST_FILE = YES;
				IPHONEOS_DEPLOYMENT_TARGET = 16.4;
				MARKETING_VERSION = 1.0;
				PRODUCT_BUNDLE_IDENTIFIER = "nl.knaken.ios.kiwi-taskTests";
				PRODUCT_NAME = "$(TARGET_NAME)";
				SWIFT_EMIT_LOC_STRINGS = NO;
				SWIFT_VERSION = 5.0;
				TARGETED_DEVICE_FAMILY = "1,2";
				TEST_HOST = "$(BUILT_PRODUCTS_DIR)/kiwi_task.app/$(BUNDLE_EXECUTABLE_FOLDER_PATH)/kiwi_task";
			};
			name = Release;
		};
		951A3F522AB8547B00D491BA /* Debug */ = {
			isa = XCBuildConfiguration;
			buildSettings = {
				ALWAYS_EMBED_SWIFT_STANDARD_LIBRARIES = YES;
				CODE_SIGN_STYLE = Automatic;
				CURRENT_PROJECT_VERSION = 1;
				DEVELOPMENT_TEAM = XW2U839GPC;
				GENERATE_INFOPLIST_FILE = YES;
				MARKETING_VERSION = 1.0;
				PRODUCT_BUNDLE_IDENTIFIER = "nl.knaken.ios.kiwi-taskUITests";
				PRODUCT_NAME = "$(TARGET_NAME)";
				SWIFT_EMIT_LOC_STRINGS = NO;
				SWIFT_VERSION = 5.0;
				TARGETED_DEVICE_FAMILY = "1,2";
				TEST_TARGET_NAME = kiwi_task;
			};
			name = Debug;
		};
		951A3F532AB8547B00D491BA /* Release */ = {
			isa = XCBuildConfiguration;
			buildSettings = {
				ALWAYS_EMBED_SWIFT_STANDARD_LIBRARIES = YES;
				CODE_SIGN_STYLE = Automatic;
				CURRENT_PROJECT_VERSION = 1;
				DEVELOPMENT_TEAM = XW2U839GPC;
				GENERATE_INFOPLIST_FILE = YES;
				MARKETING_VERSION = 1.0;
				PRODUCT_BUNDLE_IDENTIFIER = "nl.knaken.ios.kiwi-taskUITests";
				PRODUCT_NAME = "$(TARGET_NAME)";
				SWIFT_EMIT_LOC_STRINGS = NO;
				SWIFT_VERSION = 5.0;
				TARGETED_DEVICE_FAMILY = "1,2";
				TEST_TARGET_NAME = kiwi_task;
			};
			name = Release;
		};
/* End XCBuildConfiguration section */

/* Begin XCConfigurationList section */
		951A3F222AB8547A00D491BA /* Build configuration list for PBXProject "kiwi_task" */ = {
			isa = XCConfigurationList;
			buildConfigurations = (
				951A3F492AB8547B00D491BA /* Debug */,
				951A3F4A2AB8547B00D491BA /* Release */,
			);
			defaultConfigurationIsVisible = 0;
			defaultConfigurationName = Release;
		};
		951A3F4B2AB8547B00D491BA /* Build configuration list for PBXNativeTarget "kiwi_task" */ = {
			isa = XCConfigurationList;
			buildConfigurations = (
				951A3F4C2AB8547B00D491BA /* Debug */,
				951A3F4D2AB8547B00D491BA /* Release */,
			);
			defaultConfigurationIsVisible = 0;
			defaultConfigurationName = Release;
		};
		951A3F4E2AB8547B00D491BA /* Build configuration list for PBXNativeTarget "kiwi_taskTests" */ = {
			isa = XCConfigurationList;
			buildConfigurations = (
				951A3F4F2AB8547B00D491BA /* Debug */,
				951A3F502AB8547B00D491BA /* Release */,
			);
			defaultConfigurationIsVisible = 0;
			defaultConfigurationName = Release;
		};
		951A3F512AB8547B00D491BA /* Build configuration list for PBXNativeTarget "kiwi_taskUITests" */ = {
			isa = XCConfigurationList;
			buildConfigurations = (
				951A3F522AB8547B00D491BA /* Debug */,
				951A3F532AB8547B00D491BA /* Release */,
			);
			defaultConfigurationIsVisible = 0;
			defaultConfigurationName = Release;
		};
/* End XCConfigurationList section */

/* Begin XCRemoteSwiftPackageReference section */
		951C0E5E2ABAD81C009E0D6D /* XCRemoteSwiftPackageReference "orbit-swiftui" */ = {
			isa = XCRemoteSwiftPackageReference;
			repositoryURL = "https://github.com/kiwicom/orbit-swiftui";
			requirement = {
				kind = upToNextMajorVersion;
				minimumVersion = 0.10.4;
			};
		};
/* End XCRemoteSwiftPackageReference section */

/* Begin XCSwiftPackageProductDependency section */
		951C0E5F2ABAD81C009E0D6D /* Orbit */ = {
			isa = XCSwiftPackageProductDependency;
			package = 951C0E5E2ABAD81C009E0D6D /* XCRemoteSwiftPackageReference "orbit-swiftui" */;
			productName = Orbit;
		};
		95FB46B62ABC21BE00B0115A /* UmbrellaAPI */ = {
			isa = XCSwiftPackageProductDependency;
			productName = UmbrellaAPI;
		};
/* End XCSwiftPackageProductDependency section */

/* Begin XCVersionGroup section */
		95FB46A12ABC183800B0115A /* Flights.xcdatamodeld */ = {
			isa = XCVersionGroup;
			children = (
				95FB46A22ABC183800B0115A /* Flights.xcdatamodel */,
			);
			currentVersion = 95FB46A22ABC183800B0115A /* Flights.xcdatamodel */;
			path = Flights.xcdatamodeld;
			sourceTree = "<group>";
			versionGroupType = wrapper.xcdatamodel;
		};
/* End XCVersionGroup section */
	};
	rootObject = 951A3F1F2AB8547A00D491BA /* Project object */;
}
